// !$*UTF8*$!
{
	archiveVersion = 1;
	classes = {
	};
	objectVersion = 46;
	objects = {

/* Begin PBXBuildFile section */
		065D71798D8436371C0E265F /* Pods_ParseChat.framework in Frameworks */ = {isa = PBXBuildFile; fileRef = B96B84BCBDF1BA36A42FD94F /* Pods_ParseChat.framework */; };
		696450801E9F20F100C19AE6 /* ChatViewController.swift in Sources */ = {isa = PBXBuildFile; fileRef = 6964507F1E9F20F100C19AE6 /* ChatViewController.swift */; };
		696450821E9F251D00C19AE6 /* Message.swift in Sources */ = {isa = PBXBuildFile; fileRef = 696450811E9F251D00C19AE6 /* Message.swift */; };
		F42781121E9E662100140F11 /* AppDelegate.swift in Sources */ = {isa = PBXBuildFile; fileRef = F42781111E9E662100140F11 /* AppDelegate.swift */; };
		F42781171E9E662100140F11 /* Main.storyboard in Resources */ = {isa = PBXBuildFile; fileRef = F42781151E9E662100140F11 /* Main.storyboard */; };
		F42781191E9E662100140F11 /* Assets.xcassets in Resources */ = {isa = PBXBuildFile; fileRef = F42781181E9E662100140F11 /* Assets.xcassets */; };
		F427811C1E9E662100140F11 /* LaunchScreen.storyboard in Resources */ = {isa = PBXBuildFile; fileRef = F427811A1E9E662100140F11 /* LaunchScreen.storyboard */; };
		F436C16A1E9F184000480F91 /* LoginViewController.swift in Sources */ = {isa = PBXBuildFile; fileRef = F436C1691E9F184000480F91 /* LoginViewController.swift */; };
		F4A2A13F1E9F2D790028FC38 /* MessageCell.swift in Sources */ = {isa = PBXBuildFile; fileRef = F4A2A13E1E9F2D790028FC38 /* MessageCell.swift */; };
/* End PBXBuildFile section */

/* Begin PBXFileReference section */
		2A4B66D3FE3901FFA735F2CF /* Pods-ParseChat.debug.xcconfig */ = {isa = PBXFileReference; includeInIndex = 1; lastKnownFileType = text.xcconfig; name = "Pods-ParseChat.debug.xcconfig"; path = "Pods/Target Support Files/Pods-ParseChat/Pods-ParseChat.debug.xcconfig"; sourceTree = "<group>"; };
		6964507F1E9F20F100C19AE6 /* ChatViewController.swift */ = {isa = PBXFileReference; fileEncoding = 4; lastKnownFileType = sourcecode.swift; path = ChatViewController.swift; sourceTree = "<group>"; };
		696450811E9F251D00C19AE6 /* Message.swift */ = {isa = PBXFileReference; fileEncoding = 4; lastKnownFileType = sourcecode.swift; path = Message.swift; sourceTree = "<group>"; };
		87A65394CA8F56E7FF5AEA06 /* Pods-ParseChat.release.xcconfig */ = {isa = PBXFileReference; includeInIndex = 1; lastKnownFileType = text.xcconfig; name = "Pods-ParseChat.release.xcconfig"; path = "Pods/Target Support Files/Pods-ParseChat/Pods-ParseChat.release.xcconfig"; sourceTree = "<group>"; };
		B96B84BCBDF1BA36A42FD94F /* Pods_ParseChat.framework */ = {isa = PBXFileReference; explicitFileType = wrapper.framework; includeInIndex = 0; path = Pods_ParseChat.framework; sourceTree = BUILT_PRODUCTS_DIR; };
		F427810E1E9E662100140F11 /* ParseChat.app */ = {isa = PBXFileReference; explicitFileType = wrapper.application; includeInIndex = 0; path = ParseChat.app; sourceTree = BUILT_PRODUCTS_DIR; };
		F42781111E9E662100140F11 /* AppDelegate.swift */ = {isa = PBXFileReference; lastKnownFileType = sourcecode.swift; path = AppDelegate.swift; sourceTree = "<group>"; };
		F42781161E9E662100140F11 /* Base */ = {isa = PBXFileReference; lastKnownFileType = file.storyboard; name = Base; path = Base.lproj/Main.storyboard; sourceTree = "<group>"; };
		F42781181E9E662100140F11 /* Assets.xcassets */ = {isa = PBXFileReference; lastKnownFileType = folder.assetcatalog; path = Assets.xcassets; sourceTree = "<group>"; };
		F427811B1E9E662100140F11 /* Base */ = {isa = PBXFileReference; lastKnownFileType = file.storyboard; name = Base; path = Base.lproj/LaunchScreen.storyboard; sourceTree = "<group>"; };
		F427811D1E9E662100140F11 /* Info.plist */ = {isa = PBXFileReference; lastKnownFileType = text.plist.xml; path = Info.plist; sourceTree = "<group>"; };
		F436C1691E9F184000480F91 /* LoginViewController.swift */ = {isa = PBXFileReference; fileEncoding = 4; lastKnownFileType = sourcecode.swift; path = LoginViewController.swift; sourceTree = "<group>"; };
		F4A2A13E1E9F2D790028FC38 /* MessageCell.swift */ = {isa = PBXFileReference; fileEncoding = 4; lastKnownFileType = sourcecode.swift; path = MessageCell.swift; sourceTree = "<group>"; };
/* End PBXFileReference section */

/* Begin PBXFrameworksBuildPhase section */
		F427810B1E9E662100140F11 /* Frameworks */ = {
			isa = PBXFrameworksBuildPhase;
			buildActionMask = 2147483647;
			files = (
				065D71798D8436371C0E265F /* Pods_ParseChat.framework in Frameworks */,
			);
			runOnlyForDeploymentPostprocessing = 0;
		};
/* End PBXFrameworksBuildPhase section */

/* Begin PBXGroup section */
		A5FA6675B51CF73960FB349A /* Frameworks */ = {
			isa = PBXGroup;
			children = (
				B96B84BCBDF1BA36A42FD94F /* Pods_ParseChat.framework */,
			);
			name = Frameworks;
			sourceTree = "<group>";
		};
		B99FC5C72DB0A59366F83AC8 /* Pods */ = {
			isa = PBXGroup;
			children = (
				2A4B66D3FE3901FFA735F2CF /* Pods-ParseChat.debug.xcconfig */,
				87A65394CA8F56E7FF5AEA06 /* Pods-ParseChat.release.xcconfig */,
			);
			name = Pods;
			sourceTree = "<group>";
		};
		F42781051E9E662100140F11 = {
			isa = PBXGroup;
			children = (
				F42781101E9E662100140F11 /* ParseChat */,
				F427810F1E9E662100140F11 /* Products */,
				B99FC5C72DB0A59366F83AC8 /* Pods */,
				A5FA6675B51CF73960FB349A /* Frameworks */,
			);
			sourceTree = "<group>";
		};
		F427810F1E9E662100140F11 /* Products */ = {
			isa = PBXGroup;
			children = (
				F427810E1E9E662100140F11 /* ParseChat.app */,
			);
			name = Products;
			sourceTree = "<group>";
		};
		F42781101E9E662100140F11 /* ParseChat */ = {
			isa = PBXGroup;
			children = (
				F42781111E9E662100140F11 /* AppDelegate.swift */,
				F42781151E9E662100140F11 /* Main.storyboard */,
				F42781181E9E662100140F11 /* Assets.xcassets */,
				F427811A1E9E662100140F11 /* LaunchScreen.storyboard */,
				F427811D1E9E662100140F11 /* Info.plist */,
				F436C1691E9F184000480F91 /* LoginViewController.swift */,
				6964507F1E9F20F100C19AE6 /* ChatViewController.swift */,
				696450811E9F251D00C19AE6 /* Message.swift */,
				F4A2A13E1E9F2D790028FC38 /* MessageCell.swift */,
			);
			path = ParseChat;
			sourceTree = "<group>";
		};
/* End PBXGroup section */

/* Begin PBXNativeTarget section */
		F427810D1E9E662100140F11 /* ParseChat */ = {
			isa = PBXNativeTarget;
			buildConfigurationList = F42781201E9E662100140F11 /* Build configuration list for PBXNativeTarget "ParseChat" */;
			buildPhases = (
				655AEFFC8B6FAFE39A8D472A /* [CP] Check Pods Manifest.lock */,
				F427810A1E9E662100140F11 /* Sources */,
				F427810B1E9E662100140F11 /* Frameworks */,
				F427810C1E9E662100140F11 /* Resources */,
				A006953C624D2C4C9CABCD86 /* [CP] Embed Pods Frameworks */,
				DEA7A5489373DF1D4DB6D137 /* [CP] Copy Pods Resources */,
			);
			buildRules = (
			);
			dependencies = (
			);
			name = ParseChat;
			productName = ParseChat;
			productReference = F427810E1E9E662100140F11 /* ParseChat.app */;
			productType = "com.apple.product-type.application";
		};
/* End PBXNativeTarget section */

/* Begin PBXProject section */
		F42781061E9E662100140F11 /* Project object */ = {
			isa = PBXProject;
			attributes = {
				LastSwiftUpdateCheck = 0830;
				LastUpgradeCheck = 0830;
				ORGANIZATIONNAME = "Home User";
				TargetAttributes = {
					F427810D1E9E662100140F11 = {
						CreatedOnToolsVersion = 8.3.1;
						ProvisioningStyle = Automatic;
					};
				};
			};
			buildConfigurationList = F42781091E9E662100140F11 /* Build configuration list for PBXProject "ParseChat" */;
			compatibilityVersion = "Xcode 3.2";
			developmentRegion = English;
			hasScannedForEncodings = 0;
			knownRegions = (
				en,
				Base,
			);
			mainGroup = F42781051E9E662100140F11;
			productRefGroup = F427810F1E9E662100140F11 /* Products */;
			projectDirPath = "";
			projectRoot = "";
			targets = (
				F427810D1E9E662100140F11 /* ParseChat */,
			);
		};
/* End PBXProject section */

/* Begin PBXResourcesBuildPhase section */
		F427810C1E9E662100140F11 /* Resources */ = {
			isa = PBXResourcesBuildPhase;
			buildActionMask = 2147483647;
			files = (
				F427811C1E9E662100140F11 /* LaunchScreen.storyboard in Resources */,
				F42781191E9E662100140F11 /* Assets.xcassets in Resources */,
				F42781171E9E662100140F11 /* Main.storyboard in Resources */,
			);
			runOnlyForDeploymentPostprocessing = 0;
		};
/* End PBXResourcesBuildPhase section */

/* Begin PBXShellScriptBuildPhase section */
		655AEFFC8B6FAFE39A8D472A /* [CP] Check Pods Manifest.lock */ = {
			isa = PBXShellScriptBuildPhase;
			buildActionMask = 2147483647;
			files = (
			);
			inputPaths = (
			);
			name = "[CP] Check Pods Manifest.lock";
			outputPaths = (
			);
			runOnlyForDeploymentPostprocessing = 0;
			shellPath = /bin/sh;
			shellScript = "diff \"${PODS_ROOT}/../Podfile.lock\" \"${PODS_ROOT}/Manifest.lock\" > /dev/null\nif [ $? != 0 ] ; then\n    # print error to STDERR\n    echo \"error: The sandbox is not in sync with the Podfile.lock. Run 'pod install' or update your CocoaPods installation.\" >&2\n    exit 1\nfi\n";
			showEnvVarsInLog = 0;
		};
		A006953C624D2C4C9CABCD86 /* [CP] Embed Pods Frameworks */ = {
			isa = PBXShellScriptBuildPhase;
			buildActionMask = 2147483647;
			files = (
			);
			inputPaths = (
			);
			name = "[CP] Embed Pods Frameworks";
			outputPaths = (
			);
			runOnlyForDeploymentPostprocessing = 0;
			shellPath = /bin/sh;
			shellScript = "\"${SRCROOT}/Pods/Target Support Files/Pods-ParseChat/Pods-ParseChat-frameworks.sh\"\n";
			showEnvVarsInLog = 0;
		};
		DEA7A5489373DF1D4DB6D137 /* [CP] Copy Pods Resources */ = {
			isa = PBXShellScriptBuildPhase;
			buildActionMask = 2147483647;
			files = (
			);
			inputPaths = (
			);
			name = "[CP] Copy Pods Resources";
			outputPaths = (
			);
			runOnlyForDeploymentPostprocessing = 0;
			shellPath = /bin/sh;
			shellScript = "\"${SRCROOT}/Pods/Target Support Files/Pods-ParseChat/Pods-ParseChat-resources.sh\"\n";
			showEnvVarsInLog = 0;
		};
/* End PBXShellScriptBuildPhase section */

/* Begin PBXSourcesBuildPhase section */
		F427810A1E9E662100140F11 /* Sources */ = {
			isa = PBXSourcesBuildPhase;
			buildActionMask = 2147483647;
			files = (
				F436C16A1E9F184000480F91 /* LoginViewController.swift in Sources */,
				F4A2A13F1E9F2D790028FC38 /* MessageCell.swift in Sources */,
				696450821E9F251D00C19AE6 /* Message.swift in Sources */,
				696450801E9F20F100C19AE6 /* ChatViewController.swift in Sources */,
				F42781121E9E662100140F11 /* AppDelegate.swift in Sources */,
			);
			runOnlyForDeploymentPostprocessing = 0;
		};
/* End PBXSourcesBuildPhase section */

/* Begin PBXVariantGroup section */
		F42781151E9E662100140F11 /* Main.storyboard */ = {
			isa = PBXVariantGroup;
			children = (
				F42781161E9E662100140F11 /* Base */,
			);
			name = Main.storyboard;
			sourceTree = "<group>";
		};
		F427811A1E9E662100140F11 /* LaunchScreen.storyboard */ = {
			isa = PBXVariantGroup;
			children = (
				F427811B1E9E662100140F11 /* Base */,
			);
			name = LaunchScreen.storyboard;
			sourceTree = "<group>";
		};
/* End PBXVariantGroup section */

/* Begin XCBuildConfiguration section */
		F427811E1E9E662100140F11 /* Debug */ = {
			isa = XCBuildConfiguration;
			buildSettings = {
				ALWAYS_SEARCH_USER_PATHS = NO;
				CLANG_ANALYZER_NONNULL = YES;
				CLANG_ANALYZER_NUMBER_OBJECT_CONVERSION = YES_AGGRESSIVE;
				CLANG_CXX_LANGUAGE_STANDARD = "gnu++0x";
				CLANG_CXX_LIBRARY = "libc++";
				CLANG_ENABLE_MODULES = YES;
				CLANG_ENABLE_OBJC_ARC = YES;
				CLANG_WARN_BOOL_CONVERSION = YES;
				CLANG_WARN_CONSTANT_CONVERSION = YES;
				CLANG_WARN_DIRECT_OBJC_ISA_USAGE = YES_ERROR;
				CLANG_WARN_DOCUMENTATION_COMMENTS = YES;
				CLANG_WARN_EMPTY_BODY = YES;
				CLANG_WARN_ENUM_CONVERSION = YES;
				CLANG_WARN_INFINITE_RECURSION = YES;
				CLANG_WARN_INT_CONVERSION = YES;
				CLANG_WARN_OBJC_ROOT_CLASS = YES_ERROR;
				CLANG_WARN_SUSPICIOUS_MOVE = YES;
				CLANG_WARN_UNREACHABLE_CODE = YES;
				CLANG_WARN__DUPLICATE_METHOD_MATCH = YES;
				"CODE_SIGN_IDENTITY[sdk=iphoneos*]" = "iPhone Developer";
				COPY_PHASE_STRIP = NO;
				DEBUG_INFORMATION_FORMAT = dwarf;
				ENABLE_STRICT_OBJC_MSGSEND = YES;
				ENABLE_TESTABILITY = YES;
				GCC_C_LANGUAGE_STANDARD = gnu99;
				GCC_DYNAMIC_NO_PIC = NO;
				GCC_NO_COMMON_BLOCKS = YES;
				GCC_OPTIMIZATION_LEVEL = 0;
				GCC_PREPROCESSOR_DEFINITIONS = (
					"DEBUG=1",
					"$(inherited)",
				);
				GCC_WARN_64_TO_32_BIT_CONVERSION = YES;
				GCC_WARN_ABOUT_RETURN_TYPE = YES_ERROR;
				GCC_WARN_UNDECLARED_SELECTOR = YES;
				GCC_WARN_UNINITIALIZED_AUTOS = YES_AGGRESSIVE;
				GCC_WARN_UNUSED_FUNCTION = YES;
				GCC_WARN_UNUSED_VARIABLE = YES;
				IPHONEOS_DEPLOYMENT_TARGET = 10.3;
				MTL_ENABLE_DEBUG_INFO = YES;
				ONLY_ACTIVE_ARCH = YES;
				SDKROOT = iphoneos;
				SWIFT_ACTIVE_COMPILATION_CONDITIONS = DEBUG;
				SWIFT_OPTIMIZATION_LEVEL = "-Onone";
			};
			name = Debug;
		};
		F427811F1E9E662100140F11 /* Release */ = {
			isa = XCBuildConfiguration;
			buildSettings = {
				ALWAYS_SEARCH_USER_PATHS = NO;
				CLANG_ANALYZER_NONNULL = YES;
				CLANG_ANALYZER_NUMBER_OBJECT_CONVERSION = YES_AGGRESSIVE;
				CLANG_CXX_LANGUAGE_STANDARD = "gnu++0x";
				CLANG_CXX_LIBRARY = "libc++";
				CLANG_ENABLE_MODULES = YES;
				CLANG_ENABLE_OBJC_ARC = YES;
				CLANG_WARN_BOOL_CONVERSION = YES;
				CLANG_WARN_CONSTANT_CONVERSION = YES;
				CLANG_WARN_DIRECT_OBJC_ISA_USAGE = YES_ERROR;
				CLANG_WARN_DOCUMENTATION_COMMENTS = YES;
				CLANG_WARN_EMPTY_BODY = YES;
				CLANG_WARN_ENUM_CONVERSION = YES;
				CLANG_WARN_INFINITE_RECURSION = YES;
				CLANG_WARN_INT_CONVERSION = YES;
				CLANG_WARN_OBJC_ROOT_CLASS = YES_ERROR;
				CLANG_WARN_SUSPICIOUS_MOVE = YES;
				CLANG_WARN_UNREACHABLE_CODE = YES;
				CLANG_WARN__DUPLICATE_METHOD_MATCH = YES;
				"CODE_SIGN_IDENTITY[sdk=iphoneos*]" = "iPhone Developer";
				COPY_PHASE_STRIP = NO;
				DEBUG_INFORMATION_FORMAT = "dwarf-with-dsym";
				ENABLE_NS_ASSERTIONS = NO;
				ENABLE_STRICT_OBJC_MSGSEND = YES;
				GCC_C_LANGUAGE_STANDARD = gnu99;
				GCC_NO_COMMON_BLOCKS = YES;
				GCC_WARN_64_TO_32_BIT_CONVERSION = YES;
				GCC_WARN_ABOUT_RETURN_TYPE = YES_ERROR;
				GCC_WARN_UNDECLARED_SELECTOR = YES;
				GCC_WARN_UNINITIALIZED_AUTOS = YES_AGGRESSIVE;
				GCC_WARN_UNUSED_FUNCTION = YES;
				GCC_WARN_UNUSED_VARIABLE = YES;
				IPHONEOS_DEPLOYMENT_TARGET = 10.3;
				MTL_ENABLE_DEBUG_INFO = NO;
				SDKROOT = iphoneos;
				SWIFT_OPTIMIZATION_LEVEL = "-Owholemodule";
				VALIDATE_PRODUCT = YES;
			};
			name = Release;
		};
		F42781211E9E662100140F11 /* Debug */ = {
			isa = XCBuildConfiguration;
			baseConfigurationReference = 2A4B66D3FE3901FFA735F2CF /* Pods-ParseChat.debug.xcconfig */;
			buildSettings = {
				ASSETCATALOG_COMPILER_APPICON_NAME = AppIcon;
				INFOPLIST_FILE = ParseChat/Info.plist;
				LD_RUNPATH_SEARCH_PATHS = "$(inherited) @executable_path/Frameworks";
				PRODUCT_BUNDLE_IDENTIFIER = com.wieniek.ParseChat;
				PRODUCT_NAME = "$(TARGET_NAME)";
				SWIFT_VERSION = 3.0;
			};
			name = Debug;
		};
		F42781221E9E662100140F11 /* Release */ = {
			isa = XCBuildConfiguration;
			baseConfigurationReference = 87A65394CA8F56E7FF5AEA06 /* Pods-ParseChat.release.xcconfig */;
			buildSettings = {
				ASSETCATALOG_COMPILER_APPICON_NAME = AppIcon;
				INFOPLIST_FILE = ParseChat/Info.plist;
				LD_RUNPATH_SEARCH_PATHS = "$(inherited) @executable_path/Frameworks";
				PRODUCT_BUNDLE_IDENTIFIER = com.wieniek.ParseChat;
				PRODUCT_NAME = "$(TARGET_NAME)";
				SWIFT_VERSION = 3.0;
			};
			name = Release;
		};
/* End XCBuildConfiguration section */

/* Begin XCConfigurationList section */
		F42781091E9E662100140F11 /* Build configuration list for PBXProject "ParseChat" */ = {
			isa = XCConfigurationList;
			buildConfigurations = (
				F427811E1E9E662100140F11 /* Debug */,
				F427811F1E9E662100140F11 /* Release */,
			);
			defaultConfigurationIsVisible = 0;
			defaultConfigurationName = Release;
		};
		F42781201E9E662100140F11 /* Build configuration list for PBXNativeTarget "ParseChat" */ = {
			isa = XCConfigurationList;
			buildConfigurations = (
				F42781211E9E662100140F11 /* Debug */,
				F42781221E9E662100140F11 /* Release */,
			);
			defaultConfigurationIsVisible = 0;
			defaultConfigurationName = Release;
		};
/* End XCConfigurationList section */
	};
	rootObject = F42781061E9E662100140F11 /* Project object */;
}
